
Microsoft Visual Studio Solution File, Format Version 12.00
# Visual Studio Version 16
VisualStudioVersion = 16.0.30717.126
MinimumVisualStudioVersion = 10.0.40219.1
Project("{FAE04EC0-301F-11D3-BF4B-00C04F79EFBC}") = "BulkFileUploder", "BulkFileUploder\BulkFileUploder.csproj", "{A94BC28E-F808-4081-83E1-D01AEA39ED2D}"
EndProject
Global
	GlobalSection(SolutionConfigurationPlatforms) = preSolution
		Debug|Any CPU = Debug|Any CPU
		Release|Any CPU = Release|Any CPU
	EndGlobalSection
	GlobalSection(ProjectConfigurationPlatforms) = postSolution
		{A94BC28E-F808-4081-83E1-D01AEA39ED2D}.Debug|Any CPU.ActiveCfg = Debug|Any CPU
		{A94BC28E-F808-4081-83E1-D01AEA39ED2D}.Debug|Any CPU.Build.0 = Debug|Any CPU
		{A94BC28E-F808-4081-83E1-D01AEA39ED2D}.Release|Any CPU.ActiveCfg = Release|Any CPU
		{A94BC28E-F808-4081-83E1-D01AEA39ED2D}.Release|Any CPU.Build.0 = Release|Any CPU
	EndGlobalSection
	GlobalSection(SolutionProperties) = preSolution
		HideSolutionNode = FALSE
	EndGlobalSection
	GlobalSection(ExtensibilityGlobals) = postSolution
		SolutionGuid = {0F7452C3-A363-4BD2-BFD5-F638B12CF6D8}
	EndGlobalSection
EndGlobal
